// !$*UTF8*$!
{
	archiveVersion = 1;
	classes = {
	};
	objectVersion = 50;
	objects = {

/* Begin PBXBuildFile section */
		2F05F62425605DE90019C0FF /* alura_viagensApp.swift in Sources */ = {isa = PBXBuildFile; fileRef = 2F05F62325605DE90019C0FF /* alura_viagensApp.swift */; };
		2F05F62625605DE90019C0FF /* ContentView.swift in Sources */ = {isa = PBXBuildFile; fileRef = 2F05F62525605DE90019C0FF /* ContentView.swift */; };
		2F05F62825605DEB0019C0FF /* Assets.xcassets in Resources */ = {isa = PBXBuildFile; fileRef = 2F05F62725605DEB0019C0FF /* Assets.xcassets */; };
		2F05F62B25605DEB0019C0FF /* Preview Assets.xcassets in Resources */ = {isa = PBXBuildFile; fileRef = 2F05F62A25605DEB0019C0FF /* Preview Assets.xcassets */; };
		2F1F6F952562266200C4FDC0 /* HeaderView.swift in Sources */ = {isa = PBXBuildFile; fileRef = 2F1F6F942562266200C4FDC0 /* HeaderView.swift */; };
		2F646365256AC86500ABA4A7 /* MapaView.swift in Sources */ = {isa = PBXBuildFile; fileRef = 2F646364256AC86500ABA4A7 /* MapaView.swift */; };
		2F7BBD1E2561946500B26E74 /* Viagem.swift in Sources */ = {isa = PBXBuildFile; fileRef = 2F7BBD1D2561946500B26E74 /* Viagem.swift */; };
		2F7BBD222561946F00B26E74 /* Dados.swift in Sources */ = {isa = PBXBuildFile; fileRef = 2F7BBD212561946F00B26E74 /* Dados.swift */; };
		2FD0005D2569A6EC00CD05B3 /* CelulaViagemView.swift in Sources */ = {isa = PBXBuildFile; fileRef = 2FD0005C2569A6EC00CD05B3 /* CelulaViagemView.swift */; };
		2FED74EE256B24A100A6D5D1 /* PacotesViagensView.swift in Sources */ = {isa = PBXBuildFile; fileRef = 2FED74ED256B24A100A6D5D1 /* PacotesViagensView.swift */; };
		2FED74F1256B2B1700A6D5D1 /* pacotes-viagens.json in Resources */ = {isa = PBXBuildFile; fileRef = 2FED74F0256B2B1700A6D5D1 /* pacotes-viagens.json */; };
		2FED74FA256B2BAD00A6D5D1 /* viagens.json in Resources */ = {isa = PBXBuildFile; fileRef = 2FED74F9256B2BAD00A6D5D1 /* viagens.json */; };
		2FED74FD256B446000A6D5D1 /* SecaoPacotesView.swift in Sources */ = {isa = PBXBuildFile; fileRef = 2FED74FC256B446000A6D5D1 /* SecaoPacotesView.swift */; };
/* End PBXBuildFile section */

/* Begin PBXFileReference section */
		2F05F62025605DE90019C0FF /* alura-viagens.app */ = {isa = PBXFileReference; explicitFileType = wrapper.application; includeInIndex = 0; path = "alura-viagens.app"; sourceTree = BUILT_PRODUCTS_DIR; };
		2F05F62325605DE90019C0FF /* alura_viagensApp.swift */ = {isa = PBXFileReference; lastKnownFileType = sourcecode.swift; path = alura_viagensApp.swift; sourceTree = "<group>"; };
		2F05F62525605DE90019C0FF /* ContentView.swift */ = {isa = PBXFileReference; lastKnownFileType = sourcecode.swift; path = ContentView.swift; sourceTree = "<group>"; };
		2F05F62725605DEB0019C0FF /* Assets.xcassets */ = {isa = PBXFileReference; lastKnownFileType = folder.assetcatalog; path = Assets.xcassets; sourceTree = "<group>"; };
		2F05F62A25605DEB0019C0FF /* Preview Assets.xcassets */ = {isa = PBXFileReference; lastKnownFileType = folder.assetcatalog; path = "Preview Assets.xcassets"; sourceTree = "<group>"; };
		2F05F62C25605DEB0019C0FF /* Info.plist */ = {isa = PBXFileReference; lastKnownFileType = text.plist.xml; path = Info.plist; sourceTree = "<group>"; };
		2F1F6F942562266200C4FDC0 /* HeaderView.swift */ = {isa = PBXFileReference; lastKnownFileType = sourcecode.swift; path = HeaderView.swift; sourceTree = "<group>"; };
		2F646364256AC86500ABA4A7 /* MapaView.swift */ = {isa = PBXFileReference; lastKnownFileType = sourcecode.swift; path = MapaView.swift; sourceTree = "<group>"; };
		2F7BBD1D2561946500B26E74 /* Viagem.swift */ = {isa = PBXFileReference; fileEncoding = 4; lastKnownFileType = sourcecode.swift; name = Viagem.swift; path = ../../../../../Downloads/Resources/Models/Viagem.swift; sourceTree = "<group>"; };
		2F7BBD202561946800B26E74 /* Viagem.swift */ = {isa = PBXFileReference; lastKnownFileType = sourcecode.swift; path = Viagem.swift; sourceTree = "<group>"; };
		2F7BBD212561946F00B26E74 /* Dados.swift */ = {isa = PBXFileReference; fileEncoding = 4; lastKnownFileType = sourcecode.swift; name = Dados.swift; path = ../../../../../../Downloads/Resources/Models/Dados.swift; sourceTree = "<group>"; };
		2FD0005C2569A6EC00CD05B3 /* CelulaViagemView.swift */ = {isa = PBXFileReference; lastKnownFileType = sourcecode.swift; path = CelulaViagemView.swift; sourceTree = "<group>"; };
		2FED74ED256B24A100A6D5D1 /* PacotesViagensView.swift */ = {isa = PBXFileReference; lastKnownFileType = sourcecode.swift; path = PacotesViagensView.swift; sourceTree = "<group>"; };
		2FED74F0256B2B1700A6D5D1 /* pacotes-viagens.json */ = {isa = PBXFileReference; fileEncoding = 4; lastKnownFileType = text.json; name = "pacotes-viagens.json"; path = "../../../../../Downloads/ios-swiftui-arquivos-iniciais/pacotes-viagens.json"; sourceTree = "<group>"; };
		2FED74F4256B2B4800A6D5D1 /* pacotes-viagens.json */ = {isa = PBXFileReference; lastKnownFileType = text.json; path = "pacotes-viagens.json"; sourceTree = "<group>"; };
		2FED74F6256B2B6300A6D5D1 /* Viagem.swift */ = {isa = PBXFileReference; lastKnownFileType = sourcecode.swift; path = Viagem.swift; sourceTree = "<group>"; };
		2FED74F7256B2B8500A6D5D1 /* viagens.json */ = {isa = PBXFileReference; lastKnownFileType = text.json; name = viagens.json; path = ../../../../../../Downloads/Resources/viagens.json; sourceTree = "<group>"; };
		2FED74F9256B2BAD00A6D5D1 /* viagens.json */ = {isa = PBXFileReference; fileEncoding = 4; lastKnownFileType = text.json; name = viagens.json; path = ../../../../../../.Trash/viagens.json; sourceTree = "<group>"; };
		2FED74FC256B446000A6D5D1 /* SecaoPacotesView.swift */ = {isa = PBXFileReference; lastKnownFileType = sourcecode.swift; path = SecaoPacotesView.swift; sourceTree = "<group>"; };
/* End PBXFileReference section */

/* Begin PBXFrameworksBuildPhase section */
		2F05F61D25605DE90019C0FF /* Frameworks */ = {
			isa = PBXFrameworksBuildPhase;
			buildActionMask = 2147483647;
			files = (
			);
			runOnlyForDeploymentPostprocessing = 0;
		};
/* End PBXFrameworksBuildPhase section */

/* Begin PBXGroup section */
		2F05F61725605DE90019C0FF = {
			isa = PBXGroup;
			children = (
				2F05F62225605DE90019C0FF /* alura-viagens */,
				2F05F62125605DE90019C0FF /* Products */,
			);
			sourceTree = "<group>";
		};
		2F05F62125605DE90019C0FF /* Products */ = {
			isa = PBXGroup;
			children = (
				2F05F62025605DE90019C0FF /* alura-viagens.app */,
			);
			name = Products;
			sourceTree = "<group>";
		};
		2F05F62225605DE90019C0FF /* alura-viagens */ = {
			isa = PBXGroup;
			children = (
				2F7BBD1D2561946500B26E74 /* Viagem.swift */,
				2FED74F3256B2B4100A6D5D1 /* Mocks */,
				2F7BBD1C2561945B00B26E74 /* Models */,
				2F1F6F932562262100C4FDC0 /* Views */,
				2F05F62725605DEB0019C0FF /* Assets.xcassets */,
				2F05F62C25605DEB0019C0FF /* Info.plist */,
				2FED74F0256B2B1700A6D5D1 /* pacotes-viagens.json */,
				2F05F62925605DEB0019C0FF /* Preview Content */,
			);
			path = "alura-viagens";
			sourceTree = "<group>";
		};
		2F05F62925605DEB0019C0FF /* Preview Content */ = {
			isa = PBXGroup;
			children = (
				2F05F62A25605DEB0019C0FF /* Preview Assets.xcassets */,
			);
			path = "Preview Content";
			sourceTree = "<group>";
		};
		2F1F6F932562262100C4FDC0 /* Views */ = {
			isa = PBXGroup;
			children = (
				2F05F62525605DE90019C0FF /* ContentView.swift */,
				2F1F6F942562266200C4FDC0 /* HeaderView.swift */,
				2FD0005C2569A6EC00CD05B3 /* CelulaViagemView.swift */,
				2F646364256AC86500ABA4A7 /* MapaView.swift */,
				2FED74ED256B24A100A6D5D1 /* PacotesViagensView.swift */,
				2FED74FC256B446000A6D5D1 /* SecaoPacotesView.swift */,
			);
			path = Views;
			sourceTree = "<group>";
		};
		2F7BBD1C2561945B00B26E74 /* Models */ = {
			isa = PBXGroup;
			children = (
				2F7BBD212561946F00B26E74 /* Dados.swift */,
				2F05F62325605DE90019C0FF /* alura_viagensApp.swift */,
				2F7BBD202561946800B26E74 /* Viagem.swift */,
			);
			path = Models;
			sourceTree = "<group>";
		};
		2FED74F3256B2B4100A6D5D1 /* Mocks */ = {
			isa = PBXGroup;
			children = (
				2FED74F6256B2B6300A6D5D1 /* Viagem.swift */,
				2FED74F7256B2B8500A6D5D1 /* viagens.json */,
				2FED74F9256B2BAD00A6D5D1 /* viagens.json */,
				2FED74F4256B2B4800A6D5D1 /* pacotes-viagens.json */,
			);
			path = Mocks;
			sourceTree = "<group>";
		};
/* End PBXGroup section */

/* Begin PBXNativeTarget section */
		2F05F61F25605DE90019C0FF /* alura-viagens */ = {
			isa = PBXNativeTarget;
			buildConfigurationList = 2F05F62F25605DEB0019C0FF /* Build configuration list for PBXNativeTarget "alura-viagens" */;
			buildPhases = (
				2F05F61C25605DE90019C0FF /* Sources */,
				2F05F61D25605DE90019C0FF /* Frameworks */,
				2F05F61E25605DE90019C0FF /* Resources */,
			);
			buildRules = (
			);
			dependencies = (
			);
			name = "alura-viagens";
			productName = "alura-viagens";
			productReference = 2F05F62025605DE90019C0FF /* alura-viagens.app */;
			productType = "com.apple.product-type.application";
		};
/* End PBXNativeTarget section */

/* Begin PBXProject section */
		2F05F61825605DE90019C0FF /* Project object */ = {
			isa = PBXProject;
			attributes = {
				LastSwiftUpdateCheck = 1220;
				LastUpgradeCheck = 1220;
				TargetAttributes = {
					2F05F61F25605DE90019C0FF = {
						CreatedOnToolsVersion = 12.2;
					};
				};
			};
			buildConfigurationList = 2F05F61B25605DE90019C0FF /* Build configuration list for PBXProject "alura-viagens" */;
			compatibilityVersion = "Xcode 9.3";
			developmentRegion = en;
			hasScannedForEncodings = 0;
			knownRegions = (
				en,
				Base,
			);
			mainGroup = 2F05F61725605DE90019C0FF;
			productRefGroup = 2F05F62125605DE90019C0FF /* Products */;
			projectDirPath = "";
			projectRoot = "";
			targets = (
				2F05F61F25605DE90019C0FF /* alura-viagens */,
			);
		};
/* End PBXProject section */

/* Begin PBXResourcesBuildPhase section */
		2F05F61E25605DE90019C0FF /* Resources */ = {
			isa = PBXResourcesBuildPhase;
			buildActionMask = 2147483647;
			files = (
				2F05F62B25605DEB0019C0FF /* Preview Assets.xcassets in Resources */,
				2FED74FA256B2BAD00A6D5D1 /* viagens.json in Resources */,
				2FED74F1256B2B1700A6D5D1 /* pacotes-viagens.json in Resources */,
				2F05F62825605DEB0019C0FF /* Assets.xcassets in Resources */,
			);
			runOnlyForDeploymentPostprocessing = 0;
		};
/* End PBXResourcesBuildPhase section */

/* Begin PBXSourcesBuildPhase section */
		2F05F61C25605DE90019C0FF /* Sources */ = {
			isa = PBXSourcesBuildPhase;
			buildActionMask = 2147483647;
			files = (
				2F1F6F952562266200C4FDC0 /* HeaderView.swift in Sources */,
				2F646365256AC86500ABA4A7 /* MapaView.swift in Sources */,
				2FED74FD256B446000A6D5D1 /* SecaoPacotesView.swift in Sources */,
				2FED74EE256B24A100A6D5D1 /* PacotesViagensView.swift in Sources */,
				2F05F62625605DE90019C0FF /* ContentView.swift in Sources */,
				2F7BBD222561946F00B26E74 /* Dados.swift in Sources */,
				2F7BBD1E2561946500B26E74 /* Viagem.swift in Sources */,
				2F05F62425605DE90019C0FF /* alura_viagensApp.swift in Sources */,
				2FD0005D2569A6EC00CD05B3 /* CelulaViagemView.swift in Sources */,
			);
			runOnlyForDeploymentPostprocessing = 0;
		};
/* End PBXSourcesBuildPhase section */

/* Begin XCBuildConfiguration section */
		2F05F62D25605DEB0019C0FF /* Debug */ = {
			isa = XCBuildConfiguration;
			buildSettings = {
				ALWAYS_SEARCH_USER_PATHS = NO;
				CLANG_ANALYZER_NONNULL = YES;
				CLANG_ANALYZER_NUMBER_OBJECT_CONVERSION = YES_AGGRESSIVE;
				CLANG_CXX_LANGUAGE_STANDARD = "gnu++14";
				CLANG_CXX_LIBRARY = "libc++";
				CLANG_ENABLE_MODULES = YES;
				CLANG_ENABLE_OBJC_ARC = YES;
				CLANG_ENABLE_OBJC_WEAK = YES;
				CLANG_WARN_BLOCK_CAPTURE_AUTORELEASING = YES;
				CLANG_WARN_BOOL_CONVERSION = YES;
				CLANG_WARN_COMMA = YES;
				CLANG_WARN_CONSTANT_CONVERSION = YES;
				CLANG_WARN_DEPRECATED_OBJC_IMPLEMENTATIONS = YES;
				CLANG_WARN_DIRECT_OBJC_ISA_USAGE = YES_ERROR;
				CLANG_WARN_DOCUMENTATION_COMMENTS = YES;
				CLANG_WARN_EMPTY_BODY = YES;
				CLANG_WARN_ENUM_CONVERSION = YES;
				CLANG_WARN_INFINITE_RECURSION = YES;
				CLANG_WARN_INT_CONVERSION = YES;
				CLANG_WARN_NON_LITERAL_NULL_CONVERSION = YES;
				CLANG_WARN_OBJC_IMPLICIT_RETAIN_SELF = YES;
				CLANG_WARN_OBJC_LITERAL_CONVERSION = YES;
				CLANG_WARN_OBJC_ROOT_CLASS = YES_ERROR;
				CLANG_WARN_QUOTED_INCLUDE_IN_FRAMEWORK_HEADER = YES;
				CLANG_WARN_RANGE_LOOP_ANALYSIS = YES;
				CLANG_WARN_STRICT_PROTOTYPES = YES;
				CLANG_WARN_SUSPICIOUS_MOVE = YES;
				CLANG_WARN_UNGUARDED_AVAILABILITY = YES_AGGRESSIVE;
				CLANG_WARN_UNREACHABLE_CODE = YES;
				CLANG_WARN__DUPLICATE_METHOD_MATCH = YES;
				COPY_PHASE_STRIP = NO;
				DEBUG_INFORMATION_FORMAT = dwarf;
				ENABLE_STRICT_OBJC_MSGSEND = YES;
				ENABLE_TESTABILITY = YES;
				GCC_C_LANGUAGE_STANDARD = gnu11;
				GCC_DYNAMIC_NO_PIC = NO;
				GCC_NO_COMMON_BLOCKS = YES;
				GCC_OPTIMIZATION_LEVEL = 0;
				GCC_PREPROCESSOR_DEFINITIONS = (
					"DEBUG=1",
					"$(inherited)",
				);
				GCC_WARN_64_TO_32_BIT_CONVERSION = YES;
				GCC_WARN_ABOUT_RETURN_TYPE = YES_ERROR;
				GCC_WARN_UNDECLARED_SELECTOR = YES;
				GCC_WARN_UNINITIALIZED_AUTOS = YES_AGGRESSIVE;
				GCC_WARN_UNUSED_FUNCTION = YES;
				GCC_WARN_UNUSED_VARIABLE = YES;
				IPHONEOS_DEPLOYMENT_TARGET = 14.2;
				MTL_ENABLE_DEBUG_INFO = INCLUDE_SOURCE;
				MTL_FAST_MATH = YES;
				ONLY_ACTIVE_ARCH = YES;
				SDKROOT = iphoneos;
				SWIFT_ACTIVE_COMPILATION_CONDITIONS = DEBUG;
				SWIFT_OPTIMIZATION_LEVEL = "-Onone";
			};
			name = Debug;
		};
		2F05F62E25605DEB0019C0FF /* Release */ = {
			isa = XCBuildConfiguration;
			buildSettings = {
				ALWAYS_SEARCH_USER_PATHS = NO;
				CLANG_ANALYZER_NONNULL = YES;
				CLANG_ANALYZER_NUMBER_OBJECT_CONVERSION = YES_AGGRESSIVE;
				CLANG_CXX_LANGUAGE_STANDARD = "gnu++14";
				CLANG_CXX_LIBRARY = "libc++";
				CLANG_ENABLE_MODULES = YES;
				CLANG_ENABLE_OBJC_ARC = YES;
				CLANG_ENABLE_OBJC_WEAK = YES;
				CLANG_WARN_BLOCK_CAPTURE_AUTORELEASING = YES;
				CLANG_WARN_BOOL_CONVERSION = YES;
				CLANG_WARN_COMMA = YES;
				CLANG_WARN_CONSTANT_CONVERSION = YES;
				CLANG_WARN_DEPRECATED_OBJC_IMPLEMENTATIONS = YES;
				CLANG_WARN_DIRECT_OBJC_ISA_USAGE = YES_ERROR;
				CLANG_WARN_DOCUMENTATION_COMMENTS = YES;
				CLANG_WARN_EMPTY_BODY = YES;
				CLANG_WARN_ENUM_CONVERSION = YES;
				CLANG_WARN_INFINITE_RECURSION = YES;
				CLANG_WARN_INT_CONVERSION = YES;
				CLANG_WARN_NON_LITERAL_NULL_CONVERSION = YES;
				CLANG_WARN_OBJC_IMPLICIT_RETAIN_SELF = YES;
				CLANG_WARN_OBJC_LITERAL_CONVERSION = YES;
				CLANG_WARN_OBJC_ROOT_CLASS = YES_ERROR;
				CLANG_WARN_QUOTED_INCLUDE_IN_FRAMEWORK_HEADER = YES;
				CLANG_WARN_RANGE_LOOP_ANALYSIS = YES;
				CLANG_WARN_STRICT_PROTOTYPES = YES;
				CLANG_WARN_SUSPICIOUS_MOVE = YES;
				CLANG_WARN_UNGUARDED_AVAILABILITY = YES_AGGRESSIVE;
				CLANG_WARN_UNREACHABLE_CODE = YES;
				CLANG_WARN__DUPLICATE_METHOD_MATCH = YES;
				COPY_PHASE_STRIP = NO;
				DEBUG_INFORMATION_FORMAT = "dwarf-with-dsym";
				ENABLE_NS_ASSERTIONS = NO;
				ENABLE_STRICT_OBJC_MSGSEND = YES;
				GCC_C_LANGUAGE_STANDARD = gnu11;
				GCC_NO_COMMON_BLOCKS = YES;
				GCC_WARN_64_TO_32_BIT_CONVERSION = YES;
				GCC_WARN_ABOUT_RETURN_TYPE = YES_ERROR;
				GCC_WARN_UNDECLARED_SELECTOR = YES;
				GCC_WARN_UNINITIALIZED_AUTOS = YES_AGGRESSIVE;
				GCC_WARN_UNUSED_FUNCTION = YES;
				GCC_WARN_UNUSED_VARIABLE = YES;
				IPHONEOS_DEPLOYMENT_TARGET = 14.2;
				MTL_ENABLE_DEBUG_INFO = NO;
				MTL_FAST_MATH = YES;
				SDKROOT = iphoneos;
				SWIFT_COMPILATION_MODE = wholemodule;
				SWIFT_OPTIMIZATION_LEVEL = "-O";
				VALIDATE_PRODUCT = YES;
			};
			name = Release;
		};
		2F05F63025605DEB0019C0FF /* Debug */ = {
			isa = XCBuildConfiguration;
			buildSettings = {
				ASSETCATALOG_COMPILER_APPICON_NAME = AppIcon;
				ASSETCATALOG_COMPILER_GLOBAL_ACCENT_COLOR_NAME = AccentColor;
				CODE_SIGN_STYLE = Automatic;
				DEVELOPMENT_ASSET_PATHS = "\"alura-viagens/Preview Content\"";
				DEVELOPMENT_TEAM = J36T79KND9;
				ENABLE_PREVIEWS = YES;
				INFOPLIST_FILE = "alura-viagens/Info.plist";
				IPHONEOS_DEPLOYMENT_TARGET = 14.0;
				LD_RUNPATH_SEARCH_PATHS = (
					"$(inherited)",
					"@executable_path/Frameworks",
				);
				PRODUCT_BUNDLE_IDENTIFIER = "mathsprado.alura-viagens";
				PRODUCT_NAME = "$(TARGET_NAME)";
				SWIFT_VERSION = 5.0;
				TARGETED_DEVICE_FAMILY = "1,2";
			};
			name = Debug;
		};
		2F05F63125605DEB0019C0FF /* Release */ = {
			isa = XCBuildConfiguration;
			buildSettings = {
				ASSETCATALOG_COMPILER_APPICON_NAME = AppIcon;
				ASSETCATALOG_COMPILER_GLOBAL_ACCENT_COLOR_NAME = AccentColor;
				CODE_SIGN_STYLE = Automatic;
				DEVELOPMENT_ASSET_PATHS = "\"alura-viagens/Preview Content\"";
				DEVELOPMENT_TEAM = J36T79KND9;
				ENABLE_PREVIEWS = YES;
				INFOPLIST_FILE = "alura-viagens/Info.plist";
				IPHONEOS_DEPLOYMENT_TARGET = 14.0;
				LD_RUNPATH_SEARCH_PATHS = (
					"$(inherited)",
					"@executable_path/Frameworks",
				);
				PRODUCT_BUNDLE_IDENTIFIER = "mathsprado.alura-viagens";
				PRODUCT_NAME = "$(TARGET_NAME)";
				SWIFT_VERSION = 5.0;
				TARGETED_DEVICE_FAMILY = "1,2";
			};
			name = Release;
		};
/* End XCBuildConfiguration section */

/* Begin XCConfigurationList section */
		2F05F61B25605DE90019C0FF /* Build configuration list for PBXProject "alura-viagens" */ = {
			isa = XCConfigurationList;
			buildConfigurations = (
				2F05F62D25605DEB0019C0FF /* Debug */,
				2F05F62E25605DEB0019C0FF /* Release */,
			);
			defaultConfigurationIsVisible = 0;
			defaultConfigurationName = Release;
		};
		2F05F62F25605DEB0019C0FF /* Build configuration list for PBXNativeTarget "alura-viagens" */ = {
			isa = XCConfigurationList;
			buildConfigurations = (
				2F05F63025605DEB0019C0FF /* Debug */,
				2F05F63125605DEB0019C0FF /* Release */,
			);
			defaultConfigurationIsVisible = 0;
			defaultConfigurationName = Release;
		};
/* End XCConfigurationList section */
	};
	rootObject = 2F05F61825605DE90019C0FF /* Project object */;
}
