// !$*UTF8*$!
{
	archiveVersion = 1;
	classes = {
	};
	objectVersion = 52;
	objects = {

/* Begin PBXBuildFile section */
		2F52C1B725EAF520004C8650 /* Gymnastics_MonitoringApp.swift in Sources */ = {isa = PBXBuildFile; fileRef = 2F52C1B625EAF520004C8650 /* Gymnastics_MonitoringApp.swift */; };
		2F52C1B925EAF520004C8650 /* ContentView.swift in Sources */ = {isa = PBXBuildFile; fileRef = 2F52C1B825EAF520004C8650 /* ContentView.swift */; };
		2F52C1BB25EAF522004C8650 /* Assets.xcassets in Resources */ = {isa = PBXBuildFile; fileRef = 2F52C1BA25EAF522004C8650 /* Assets.xcassets */; };
		2F52C1BE25EAF522004C8650 /* Preview Assets.xcassets in Resources */ = {isa = PBXBuildFile; fileRef = 2F52C1BD25EAF522004C8650 /* Preview Assets.xcassets */; };
		2F59977626252CAC00765026 /* chart.swift in Sources */ = {isa = PBXBuildFile; fileRef = 2F59977526252CAC00765026 /* chart.swift */; };
		2F59977A26252E0F00765026 /* SwiftUICharts in Frameworks */ = {isa = PBXBuildFile; productRef = 2F59977926252E0F00765026 /* SwiftUICharts */; };
		2F7E21A125F5183B005D6795 /* HelloQrCodes.swift in Sources */ = {isa = PBXBuildFile; fileRef = 2F7E21A025F5183B005D6795 /* HelloQrCodes.swift */; };
		2F7E21A425F518E7005D6795 /* ScannerView.swift in Sources */ = {isa = PBXBuildFile; fileRef = 2F7E21A325F518E7005D6795 /* ScannerView.swift */; };
		2F7E21A725F51A41005D6795 /* QrCodeCameraDelegate.swift in Sources */ = {isa = PBXBuildFile; fileRef = 2F7E21A625F51A41005D6795 /* QrCodeCameraDelegate.swift */; };
		2F7E21B025F51AB4005D6795 /* CameraPreview.swift in Sources */ = {isa = PBXBuildFile; fileRef = 2F7E21AF25F51AB4005D6795 /* CameraPreview.swift */; };
		2F7E21B325F51B1A005D6795 /* QrCodeScannerView.swift in Sources */ = {isa = PBXBuildFile; fileRef = 2F7E21B225F51B1A005D6795 /* QrCodeScannerView.swift */; };
		2FC53BB725F064F20096D667 /* CodeScanner in Frameworks */ = {isa = PBXBuildFile; productRef = 2FC53BB625F064F20096D667 /* CodeScanner */; };
		2FC53BBA25F06B2C0096D667 /* Fill.swift in Sources */ = {isa = PBXBuildFile; fileRef = 2FC53BB925F06B2C0096D667 /* Fill.swift */; };
		2FC53BBE25F077350096D667 /* Navigation.swift in Sources */ = {isa = PBXBuildFile; fileRef = 2FC53BBD25F077350096D667 /* Navigation.swift */; };
/* End PBXBuildFile section */

/* Begin PBXFileReference section */
		2F52C1B325EAF520004C8650 /* Gymnastics Monitoring.app */ = {isa = PBXFileReference; explicitFileType = wrapper.application; includeInIndex = 0; path = "Gymnastics Monitoring.app"; sourceTree = BUILT_PRODUCTS_DIR; };
		2F52C1B625EAF520004C8650 /* Gymnastics_MonitoringApp.swift */ = {isa = PBXFileReference; lastKnownFileType = sourcecode.swift; path = Gymnastics_MonitoringApp.swift; sourceTree = "<group>"; };
		2F52C1B825EAF520004C8650 /* ContentView.swift */ = {isa = PBXFileReference; lastKnownFileType = sourcecode.swift; path = ContentView.swift; sourceTree = "<group>"; };
		2F52C1BA25EAF522004C8650 /* Assets.xcassets */ = {isa = PBXFileReference; lastKnownFileType = folder.assetcatalog; path = Assets.xcassets; sourceTree = "<group>"; };
		2F52C1BD25EAF522004C8650 /* Preview Assets.xcassets */ = {isa = PBXFileReference; lastKnownFileType = folder.assetcatalog; path = "Preview Assets.xcassets"; sourceTree = "<group>"; };
		2F52C1BF25EAF522004C8650 /* Info.plist */ = {isa = PBXFileReference; lastKnownFileType = text.plist.xml; path = Info.plist; sourceTree = "<group>"; };
		2F59977526252CAC00765026 /* chart.swift */ = {isa = PBXFileReference; lastKnownFileType = sourcecode.swift; path = chart.swift; sourceTree = "<group>"; };
		2F7E21A025F5183B005D6795 /* HelloQrCodes.swift */ = {isa = PBXFileReference; lastKnownFileType = sourcecode.swift; path = HelloQrCodes.swift; sourceTree = "<group>"; };
		2F7E21A325F518E7005D6795 /* ScannerView.swift */ = {isa = PBXFileReference; lastKnownFileType = sourcecode.swift; path = ScannerView.swift; sourceTree = "<group>"; };
		2F7E21A625F51A41005D6795 /* QrCodeCameraDelegate.swift */ = {isa = PBXFileReference; lastKnownFileType = sourcecode.swift; path = QrCodeCameraDelegate.swift; sourceTree = "<group>"; };
		2F7E21AF25F51AB4005D6795 /* CameraPreview.swift */ = {isa = PBXFileReference; lastKnownFileType = sourcecode.swift; path = CameraPreview.swift; sourceTree = "<group>"; };
		2F7E21B225F51B1A005D6795 /* QrCodeScannerView.swift */ = {isa = PBXFileReference; lastKnownFileType = sourcecode.swift; path = QrCodeScannerView.swift; sourceTree = "<group>"; };
		2FC53BB925F06B2C0096D667 /* Fill.swift */ = {isa = PBXFileReference; lastKnownFileType = sourcecode.swift; path = Fill.swift; sourceTree = "<group>"; };
		2FC53BBD25F077350096D667 /* Navigation.swift */ = {isa = PBXFileReference; lastKnownFileType = sourcecode.swift; path = Navigation.swift; sourceTree = "<group>"; };
/* End PBXFileReference section */

/* Begin PBXFrameworksBuildPhase section */
		2F52C1B025EAF520004C8650 /* Frameworks */ = {
			isa = PBXFrameworksBuildPhase;
			buildActionMask = 2147483647;
			files = (
				2FC53BB725F064F20096D667 /* CodeScanner in Frameworks */,
				2F59977A26252E0F00765026 /* SwiftUICharts in Frameworks */,
			);
			runOnlyForDeploymentPostprocessing = 0;
		};
/* End PBXFrameworksBuildPhase section */

/* Begin PBXGroup section */
		2F52C1AA25EAF520004C8650 = {
			isa = PBXGroup;
			children = (
				2F52C1B525EAF520004C8650 /* Gymnastics Monitoring */,
				2F52C1B425EAF520004C8650 /* Products */,
			);
			sourceTree = "<group>";
		};
		2F52C1B425EAF520004C8650 /* Products */ = {
			isa = PBXGroup;
			children = (
				2F52C1B325EAF520004C8650 /* Gymnastics Monitoring.app */,
			);
			name = Products;
			sourceTree = "<group>";
		};
		2F52C1B525EAF520004C8650 /* Gymnastics Monitoring */ = {
			isa = PBXGroup;
			children = (
				2FC53BBC25F076E50096D667 /* View */,
				2F52C1B625EAF520004C8650 /* Gymnastics_MonitoringApp.swift */,
				2F52C1B825EAF520004C8650 /* ContentView.swift */,
				2F52C1BA25EAF522004C8650 /* Assets.xcassets */,
				2F52C1BF25EAF522004C8650 /* Info.plist */,
				2F52C1BC25EAF522004C8650 /* Preview Content */,
			);
			path = "Gymnastics Monitoring";
			sourceTree = "<group>";
		};
		2F52C1BC25EAF522004C8650 /* Preview Content */ = {
			isa = PBXGroup;
			children = (
				2F52C1BD25EAF522004C8650 /* Preview Assets.xcassets */,
			);
			path = "Preview Content";
			sourceTree = "<group>";
		};
		2F7E21A925F51A62005D6795 /* QrCode */ = {
			isa = PBXGroup;
			children = (
				2F7E21A025F5183B005D6795 /* HelloQrCodes.swift */,
				2F7E21A625F51A41005D6795 /* QrCodeCameraDelegate.swift */,
				2F7E21A325F518E7005D6795 /* ScannerView.swift */,
				2F7E21AF25F51AB4005D6795 /* CameraPreview.swift */,
				2F7E21B225F51B1A005D6795 /* QrCodeScannerView.swift */,
			);
			path = QrCode;
			sourceTree = "<group>";
		};
		2FC53BBC25F076E50096D667 /* View */ = {
			isa = PBXGroup;
			children = (
				2F7E21A925F51A62005D6795 /* QrCode */,
				2FC53BB925F06B2C0096D667 /* Fill.swift */,
				2FC53BBD25F077350096D667 /* Navigation.swift */,
				2F59977526252CAC00765026 /* chart.swift */,
			);
			path = View;
			sourceTree = "<group>";
		};
/* End PBXGroup section */

/* Begin PBXNativeTarget section */
		2F52C1B225EAF520004C8650 /* Gymnastics Monitoring */ = {
			isa = PBXNativeTarget;
			buildConfigurationList = 2F52C1C225EAF522004C8650 /* Build configuration list for PBXNativeTarget "Gymnastics Monitoring" */;
			buildPhases = (
				2F52C1AF25EAF520004C8650 /* Sources */,
				2F52C1B025EAF520004C8650 /* Frameworks */,
				2F52C1B125EAF520004C8650 /* Resources */,
			);
			buildRules = (
			);
			dependencies = (
			);
			name = "Gymnastics Monitoring";
			packageProductDependencies = (
				2FC53BB625F064F20096D667 /* CodeScanner */,
				2F59977926252E0F00765026 /* SwiftUICharts */,
			);
			productName = "Gymnastics Monitoring";
			productReference = 2F52C1B325EAF520004C8650 /* Gymnastics Monitoring.app */;
			productType = "com.apple.product-type.application";
		};
/* End PBXNativeTarget section */

/* Begin PBXProject section */
		2F52C1AB25EAF520004C8650 /* Project object */ = {
			isa = PBXProject;
			attributes = {
				LastSwiftUpdateCheck = 1240;
				LastUpgradeCheck = 1240;
				TargetAttributes = {
					2F52C1B225EAF520004C8650 = {
						CreatedOnToolsVersion = 12.4;
					};
				};
			};
			buildConfigurationList = 2F52C1AE25EAF520004C8650 /* Build configuration list for PBXProject "Gymnastics Monitoring" */;
			compatibilityVersion = "Xcode 9.3";
			developmentRegion = en;
			hasScannedForEncodings = 0;
			knownRegions = (
				en,
				Base,
			);
			mainGroup = 2F52C1AA25EAF520004C8650;
			packageReferences = (
				2FC53BB525F064F20096D667 /* XCRemoteSwiftPackageReference "CodeScanner" */,
				2F59977826252E0F00765026 /* XCRemoteSwiftPackageReference "SwiftUICharts" */,
			);
			productRefGroup = 2F52C1B425EAF520004C8650 /* Products */;
			projectDirPath = "";
			projectRoot = "";
			targets = (
				2F52C1B225EAF520004C8650 /* Gymnastics Monitoring */,
			);
		};
/* End PBXProject section */

/* Begin PBXResourcesBuildPhase section */
		2F52C1B125EAF520004C8650 /* Resources */ = {
			isa = PBXResourcesBuildPhase;
			buildActionMask = 2147483647;
			files = (
				2F52C1BE25EAF522004C8650 /* Preview Assets.xcassets in Resources */,
				2F52C1BB25EAF522004C8650 /* Assets.xcassets in Resources */,
			);
			runOnlyForDeploymentPostprocessing = 0;
		};
/* End PBXResourcesBuildPhase section */

/* Begin PBXSourcesBuildPhase section */
		2F52C1AF25EAF520004C8650 /* Sources */ = {
			isa = PBXSourcesBuildPhase;
			buildActionMask = 2147483647;
			files = (
				2F7E21B325F51B1A005D6795 /* QrCodeScannerView.swift in Sources */,
				2F7E21A125F5183B005D6795 /* HelloQrCodes.swift in Sources */,
				2F7E21B025F51AB4005D6795 /* CameraPreview.swift in Sources */,
				2F52C1B925EAF520004C8650 /* ContentView.swift in Sources */,
				2F59977626252CAC00765026 /* chart.swift in Sources */,
				2F7E21A725F51A41005D6795 /* QrCodeCameraDelegate.swift in Sources */,
				2FC53BBA25F06B2C0096D667 /* Fill.swift in Sources */,
				2F7E21A425F518E7005D6795 /* ScannerView.swift in Sources */,
				2F52C1B725EAF520004C8650 /* Gymnastics_MonitoringApp.swift in Sources */,
				2FC53BBE25F077350096D667 /* Navigation.swift in Sources */,
			);
			runOnlyForDeploymentPostprocessing = 0;
		};
/* End PBXSourcesBuildPhase section */

/* Begin XCBuildConfiguration section */
		2F52C1C025EAF522004C8650 /* Debug */ = {
			isa = XCBuildConfiguration;
			buildSettings = {
				ALWAYS_SEARCH_USER_PATHS = NO;
				CLANG_ANALYZER_NONNULL = YES;
				CLANG_ANALYZER_NUMBER_OBJECT_CONVERSION = YES_AGGRESSIVE;
				CLANG_CXX_LANGUAGE_STANDARD = "gnu++14";
				CLANG_CXX_LIBRARY = "libc++";
				CLANG_ENABLE_MODULES = YES;
				CLANG_ENABLE_OBJC_ARC = YES;
				CLANG_ENABLE_OBJC_WEAK = YES;
				CLANG_WARN_BLOCK_CAPTURE_AUTORELEASING = YES;
				CLANG_WARN_BOOL_CONVERSION = YES;
				CLANG_WARN_COMMA = YES;
				CLANG_WARN_CONSTANT_CONVERSION = YES;
				CLANG_WARN_DEPRECATED_OBJC_IMPLEMENTATIONS = YES;
				CLANG_WARN_DIRECT_OBJC_ISA_USAGE = YES_ERROR;
				CLANG_WARN_DOCUMENTATION_COMMENTS = YES;
				CLANG_WARN_EMPTY_BODY = YES;
				CLANG_WARN_ENUM_CONVERSION = YES;
				CLANG_WARN_INFINITE_RECURSION = YES;
				CLANG_WARN_INT_CONVERSION = YES;
				CLANG_WARN_NON_LITERAL_NULL_CONVERSION = YES;
				CLANG_WARN_OBJC_IMPLICIT_RETAIN_SELF = YES;
				CLANG_WARN_OBJC_LITERAL_CONVERSION = YES;
				CLANG_WARN_OBJC_ROOT_CLASS = YES_ERROR;
				CLANG_WARN_QUOTED_INCLUDE_IN_FRAMEWORK_HEADER = YES;
				CLANG_WARN_RANGE_LOOP_ANALYSIS = YES;
				CLANG_WARN_STRICT_PROTOTYPES = YES;
				CLANG_WARN_SUSPICIOUS_MOVE = YES;
				CLANG_WARN_UNGUARDED_AVAILABILITY = YES_AGGRESSIVE;
				CLANG_WARN_UNREACHABLE_CODE = YES;
				CLANG_WARN__DUPLICATE_METHOD_MATCH = YES;
				COPY_PHASE_STRIP = NO;
				DEBUG_INFORMATION_FORMAT = dwarf;
				ENABLE_STRICT_OBJC_MSGSEND = YES;
				ENABLE_TESTABILITY = YES;
				GCC_C_LANGUAGE_STANDARD = gnu11;
				GCC_DYNAMIC_NO_PIC = NO;
				GCC_NO_COMMON_BLOCKS = YES;
				GCC_OPTIMIZATION_LEVEL = 0;
				GCC_PREPROCESSOR_DEFINITIONS = (
					"DEBUG=1",
					"$(inherited)",
				);
				GCC_WARN_64_TO_32_BIT_CONVERSION = YES;
				GCC_WARN_ABOUT_RETURN_TYPE = YES_ERROR;
				GCC_WARN_UNDECLARED_SELECTOR = YES;
				GCC_WARN_UNINITIALIZED_AUTOS = YES_AGGRESSIVE;
				GCC_WARN_UNUSED_FUNCTION = YES;
				GCC_WARN_UNUSED_VARIABLE = YES;
				IPHONEOS_DEPLOYMENT_TARGET = 14.4;
				MTL_ENABLE_DEBUG_INFO = INCLUDE_SOURCE;
				MTL_FAST_MATH = YES;
				ONLY_ACTIVE_ARCH = YES;
				SDKROOT = iphoneos;
				SWIFT_ACTIVE_COMPILATION_CONDITIONS = DEBUG;
				SWIFT_OPTIMIZATION_LEVEL = "-Onone";
			};
			name = Debug;
		};
		2F52C1C125EAF522004C8650 /* Release */ = {
			isa = XCBuildConfiguration;
			buildSettings = {
				ALWAYS_SEARCH_USER_PATHS = NO;
				CLANG_ANALYZER_NONNULL = YES;
				CLANG_ANALYZER_NUMBER_OBJECT_CONVERSION = YES_AGGRESSIVE;
				CLANG_CXX_LANGUAGE_STANDARD = "gnu++14";
				CLANG_CXX_LIBRARY = "libc++";
				CLANG_ENABLE_MODULES = YES;
				CLANG_ENABLE_OBJC_ARC = YES;
				CLANG_ENABLE_OBJC_WEAK = YES;
				CLANG_WARN_BLOCK_CAPTURE_AUTORELEASING = YES;
				CLANG_WARN_BOOL_CONVERSION = YES;
				CLANG_WARN_COMMA = YES;
				CLANG_WARN_CONSTANT_CONVERSION = YES;
				CLANG_WARN_DEPRECATED_OBJC_IMPLEMENTATIONS = YES;
				CLANG_WARN_DIRECT_OBJC_ISA_USAGE = YES_ERROR;
				CLANG_WARN_DOCUMENTATION_COMMENTS = YES;
				CLANG_WARN_EMPTY_BODY = YES;
				CLANG_WARN_ENUM_CONVERSION = YES;
				CLANG_WARN_INFINITE_RECURSION = YES;
				CLANG_WARN_INT_CONVERSION = YES;
				CLANG_WARN_NON_LITERAL_NULL_CONVERSION = YES;
				CLANG_WARN_OBJC_IMPLICIT_RETAIN_SELF = YES;
				CLANG_WARN_OBJC_LITERAL_CONVERSION = YES;
				CLANG_WARN_OBJC_ROOT_CLASS = YES_ERROR;
				CLANG_WARN_QUOTED_INCLUDE_IN_FRAMEWORK_HEADER = YES;
				CLANG_WARN_RANGE_LOOP_ANALYSIS = YES;
				CLANG_WARN_STRICT_PROTOTYPES = YES;
				CLANG_WARN_SUSPICIOUS_MOVE = YES;
				CLANG_WARN_UNGUARDED_AVAILABILITY = YES_AGGRESSIVE;
				CLANG_WARN_UNREACHABLE_CODE = YES;
				CLANG_WARN__DUPLICATE_METHOD_MATCH = YES;
				COPY_PHASE_STRIP = NO;
				DEBUG_INFORMATION_FORMAT = "dwarf-with-dsym";
				ENABLE_NS_ASSERTIONS = NO;
				ENABLE_STRICT_OBJC_MSGSEND = YES;
				GCC_C_LANGUAGE_STANDARD = gnu11;
				GCC_NO_COMMON_BLOCKS = YES;
				GCC_WARN_64_TO_32_BIT_CONVERSION = YES;
				GCC_WARN_ABOUT_RETURN_TYPE = YES_ERROR;
				GCC_WARN_UNDECLARED_SELECTOR = YES;
				GCC_WARN_UNINITIALIZED_AUTOS = YES_AGGRESSIVE;
				GCC_WARN_UNUSED_FUNCTION = YES;
				GCC_WARN_UNUSED_VARIABLE = YES;
				IPHONEOS_DEPLOYMENT_TARGET = 14.4;
				MTL_ENABLE_DEBUG_INFO = NO;
				MTL_FAST_MATH = YES;
				SDKROOT = iphoneos;
				SWIFT_COMPILATION_MODE = wholemodule;
				SWIFT_OPTIMIZATION_LEVEL = "-O";
				VALIDATE_PRODUCT = YES;
			};
			name = Release;
		};
		2F52C1C325EAF522004C8650 /* Debug */ = {
			isa = XCBuildConfiguration;
			buildSettings = {
				ASSETCATALOG_COMPILER_APPICON_NAME = AppIcon;
				ASSETCATALOG_COMPILER_GLOBAL_ACCENT_COLOR_NAME = AccentColor;
				CODE_SIGN_STYLE = Automatic;
				DEVELOPMENT_ASSET_PATHS = "\"Gymnastics Monitoring/Preview Content\"";
				DEVELOPMENT_TEAM = J36T79KND9;
				ENABLE_PREVIEWS = YES;
				INFOPLIST_FILE = "Gymnastics Monitoring/Info.plist";
				IPHONEOS_DEPLOYMENT_TARGET = 14.0;
				LD_RUNPATH_SEARCH_PATHS = (
					"$(inherited)",
					"@executable_path/Frameworks",
				);
				PRODUCT_BUNDLE_IDENTIFIER = "mathsprado.Gymnastics-Monitoring";
				PRODUCT_NAME = "$(TARGET_NAME)";
				SWIFT_VERSION = 5.0;
				TARGETED_DEVICE_FAMILY = "1,2";
			};
			name = Debug;
		};
		2F52C1C425EAF522004C8650 /* Release */ = {
			isa = XCBuildConfiguration;
			buildSettings = {
				ASSETCATALOG_COMPILER_APPICON_NAME = AppIcon;
				ASSETCATALOG_COMPILER_GLOBAL_ACCENT_COLOR_NAME = AccentColor;
				CODE_SIGN_STYLE = Automatic;
				DEVELOPMENT_ASSET_PATHS = "\"Gymnastics Monitoring/Preview Content\"";
				DEVELOPMENT_TEAM = J36T79KND9;
				ENABLE_PREVIEWS = YES;
				INFOPLIST_FILE = "Gymnastics Monitoring/Info.plist";
				IPHONEOS_DEPLOYMENT_TARGET = 14.0;
				LD_RUNPATH_SEARCH_PATHS = (
					"$(inherited)",
					"@executable_path/Frameworks",
				);
				PRODUCT_BUNDLE_IDENTIFIER = "mathsprado.Gymnastics-Monitoring";
				PRODUCT_NAME = "$(TARGET_NAME)";
				SWIFT_VERSION = 5.0;
				TARGETED_DEVICE_FAMILY = "1,2";
			};
			name = Release;
		};
/* End XCBuildConfiguration section */

/* Begin XCConfigurationList section */
		2F52C1AE25EAF520004C8650 /* Build configuration list for PBXProject "Gymnastics Monitoring" */ = {
			isa = XCConfigurationList;
			buildConfigurations = (
				2F52C1C025EAF522004C8650 /* Debug */,
				2F52C1C125EAF522004C8650 /* Release */,
			);
			defaultConfigurationIsVisible = 0;
			defaultConfigurationName = Release;
		};
		2F52C1C225EAF522004C8650 /* Build configuration list for PBXNativeTarget "Gymnastics Monitoring" */ = {
			isa = XCConfigurationList;
			buildConfigurations = (
				2F52C1C325EAF522004C8650 /* Debug */,
				2F52C1C425EAF522004C8650 /* Release */,
			);
			defaultConfigurationIsVisible = 0;
			defaultConfigurationName = Release;
		};
/* End XCConfigurationList section */

/* Begin XCRemoteSwiftPackageReference section */
		2F59977826252E0F00765026 /* XCRemoteSwiftPackageReference "SwiftUICharts" */ = {
			isa = XCRemoteSwiftPackageReference;
			repositoryURL = "https://github.com/AfrazCodes/SwiftUICharts.git";
			requirement = {
				kind = upToNextMajorVersion;
				minimumVersion = 0.5.2;
			};
		};
		2FC53BB525F064F20096D667 /* XCRemoteSwiftPackageReference "CodeScanner" */ = {
			isa = XCRemoteSwiftPackageReference;
			repositoryURL = "https://github.com/twostraws/CodeScanner";
			requirement = {
				kind = upToNextMajorVersion;
				minimumVersion = 1.0.7;
			};
		};
/* End XCRemoteSwiftPackageReference section */

/* Begin XCSwiftPackageProductDependency section */
		2F59977926252E0F00765026 /* SwiftUICharts */ = {
			isa = XCSwiftPackageProductDependency;
			package = 2F59977826252E0F00765026 /* XCRemoteSwiftPackageReference "SwiftUICharts" */;
			productName = SwiftUICharts;
		};
		2FC53BB625F064F20096D667 /* CodeScanner */ = {
			isa = XCSwiftPackageProductDependency;
			package = 2FC53BB525F064F20096D667 /* XCRemoteSwiftPackageReference "CodeScanner" */;
			productName = CodeScanner;
		};
/* End XCSwiftPackageProductDependency section */
	};
	rootObject = 2F52C1AB25EAF520004C8650 /* Project object */;
}
